// !$*UTF8*$!
{
	archiveVersion = 1;
	classes = {
	};
	objectVersion = 50;
	objects = {

/* Begin PBXBuildFile section */
		AC7E0DFC24BCAA4300603F5D /* AppDelegate.swift in Sources */ = {isa = PBXBuildFile; fileRef = AC7E0DFB24BCAA4300603F5D /* AppDelegate.swift */; };
		AC7E0DFE24BCAA4300603F5D /* SceneDelegate.swift in Sources */ = {isa = PBXBuildFile; fileRef = AC7E0DFD24BCAA4300603F5D /* SceneDelegate.swift */; };
		AC7E0E0024BCAA4300603F5D /* ViewController.swift in Sources */ = {isa = PBXBuildFile; fileRef = AC7E0DFF24BCAA4300603F5D /* ViewController.swift */; };
		AC7E0E0324BCAA4300603F5D /* Main.storyboard in Resources */ = {isa = PBXBuildFile; fileRef = AC7E0E0124BCAA4300603F5D /* Main.storyboard */; };
		AC7E0E0524BCAA4500603F5D /* Assets.xcassets in Resources */ = {isa = PBXBuildFile; fileRef = AC7E0E0424BCAA4500603F5D /* Assets.xcassets */; };
		AC7E0E0824BCAA4500603F5D /* LaunchScreen.storyboard in Resources */ = {isa = PBXBuildFile; fileRef = AC7E0E0624BCAA4500603F5D /* LaunchScreen.storyboard */; };
/* End PBXBuildFile section */

/* Begin PBXFileReference section */
		AC7E0DF824BCAA4300603F5D /* Pokemon Guessing Game.app */ = {isa = PBXFileReference; explicitFileType = wrapper.application; includeInIndex = 0; path = "Pokemon Guessing Game.app"; sourceTree = BUILT_PRODUCTS_DIR; };
		AC7E0DFB24BCAA4300603F5D /* AppDelegate.swift */ = {isa = PBXFileReference; lastKnownFileType = sourcecode.swift; path = AppDelegate.swift; sourceTree = "<group>"; };
		AC7E0DFD24BCAA4300603F5D /* SceneDelegate.swift */ = {isa = PBXFileReference; lastKnownFileType = sourcecode.swift; path = SceneDelegate.swift; sourceTree = "<group>"; };
		AC7E0DFF24BCAA4300603F5D /* ViewController.swift */ = {isa = PBXFileReference; lastKnownFileType = sourcecode.swift; path = ViewController.swift; sourceTree = "<group>"; };
		AC7E0E0224BCAA4300603F5D /* Base */ = {isa = PBXFileReference; lastKnownFileType = file.storyboard; name = Base; path = Base.lproj/Main.storyboard; sourceTree = "<group>"; };
		AC7E0E0424BCAA4500603F5D /* Assets.xcassets */ = {isa = PBXFileReference; lastKnownFileType = folder.assetcatalog; path = Assets.xcassets; sourceTree = "<group>"; };
		AC7E0E0724BCAA4500603F5D /* Base */ = {isa = PBXFileReference; lastKnownFileType = file.storyboard; name = Base; path = Base.lproj/LaunchScreen.storyboard; sourceTree = "<group>"; };
		AC7E0E0924BCAA4500603F5D /* Info.plist */ = {isa = PBXFileReference; lastKnownFileType = text.plist.xml; path = Info.plist; sourceTree = "<group>"; };
/* End PBXFileReference section */

/* Begin PBXFrameworksBuildPhase section */
		AC7E0DF524BCAA4300603F5D /* Frameworks */ = {
			isa = PBXFrameworksBuildPhase;
			buildActionMask = 2147483647;
			files = (
			);
			runOnlyForDeploymentPostprocessing = 0;
		};
/* End PBXFrameworksBuildPhase section */

/* Begin PBXGroup section */
		AC7E0DEF24BCAA4300603F5D = {
			isa = PBXGroup;
			children = (
				AC7E0DFA24BCAA4300603F5D /* Pokemon Guessing Game */,
				AC7E0DF924BCAA4300603F5D /* Products */,
			);
			sourceTree = "<group>";
		};
		AC7E0DF924BCAA4300603F5D /* Products */ = {
			isa = PBXGroup;
			children = (
				AC7E0DF824BCAA4300603F5D /* Pokemon Guessing Game.app */,
			);
			name = Products;
			sourceTree = "<group>";
		};
		AC7E0DFA24BCAA4300603F5D /* Pokemon Guessing Game */ = {
			isa = PBXGroup;
			children = (
				AC7E0DFB24BCAA4300603F5D /* AppDelegate.swift */,
				AC7E0DFD24BCAA4300603F5D /* SceneDelegate.swift */,
				AC7E0DFF24BCAA4300603F5D /* ViewController.swift */,
				AC7E0E0124BCAA4300603F5D /* Main.storyboard */,
				AC7E0E0424BCAA4500603F5D /* Assets.xcassets */,
				AC7E0E0624BCAA4500603F5D /* LaunchScreen.storyboard */,
				AC7E0E0924BCAA4500603F5D /* Info.plist */,
			);
			path = "Pokemon Guessing Game";
			sourceTree = "<group>";
		};
/* End PBXGroup section */

/* Begin PBXNativeTarget section */
		AC7E0DF724BCAA4300603F5D /* Pokemon Guessing Game */ = {
			isa = PBXNativeTarget;
			buildConfigurationList = AC7E0E0C24BCAA4500603F5D /* Build configuration list for PBXNativeTarget "Pokemon Guessing Game" */;
			buildPhases = (
				AC7E0DF424BCAA4300603F5D /* Sources */,
				AC7E0DF524BCAA4300603F5D /* Frameworks */,
				AC7E0DF624BCAA4300603F5D /* Resources */,
			);
			buildRules = (
			);
			dependencies = (
			);
			name = "Pokemon Guessing Game";
			productName = "Pokemon Guessing Game";
			productReference = AC7E0DF824BCAA4300603F5D /* Pokemon Guessing Game.app */;
			productType = "com.apple.product-type.application";
		};
/* End PBXNativeTarget section */

/* Begin PBXProject section */
		AC7E0DF024BCAA4300603F5D /* Project object */ = {
			isa = PBXProject;
			attributes = {
				LastSwiftUpdateCheck = 1130;
				LastUpgradeCheck = 1130;
				ORGANIZATIONNAME = "Jay A.";
				TargetAttributes = {
					AC7E0DF724BCAA4300603F5D = {
						CreatedOnToolsVersion = 11.3.1;
					};
				};
			};
			buildConfigurationList = AC7E0DF324BCAA4300603F5D /* Build configuration list for PBXProject "Pokemon Guessing Game" */;
			compatibilityVersion = "Xcode 9.3";
			developmentRegion = en;
			hasScannedForEncodings = 0;
			knownRegions = (
				en,
				Base,
			);
			mainGroup = AC7E0DEF24BCAA4300603F5D;
			productRefGroup = AC7E0DF924BCAA4300603F5D /* Products */;
			projectDirPath = "";
			projectRoot = "";
			targets = (
				AC7E0DF724BCAA4300603F5D /* Pokemon Guessing Game */,
			);
		};
/* End PBXProject section */

/* Begin PBXResourcesBuildPhase section */
		AC7E0DF624BCAA4300603F5D /* Resources */ = {
			isa = PBXResourcesBuildPhase;
			buildActionMask = 2147483647;
			files = (
				AC7E0E0824BCAA4500603F5D /* LaunchScreen.storyboard in Resources */,
				AC7E0E0524BCAA4500603F5D /* Assets.xcassets in Resources */,
				AC7E0E0324BCAA4300603F5D /* Main.storyboard in Resources */,
			);
			runOnlyForDeploymentPostprocessing = 0;
		};
/* End PBXResourcesBuildPhase section */

/* Begin PBXSourcesBuildPhase section */
		AC7E0DF424BCAA4300603F5D /* Sources */ = {
			isa = PBXSourcesBuildPhase;
			buildActionMask = 2147483647;
			files = (
				AC7E0E0024BCAA4300603F5D /* ViewController.swift in Sources */,
				AC7E0DFC24BCAA4300603F5D /* AppDelegate.swift in Sources */,
				AC7E0DFE24BCAA4300603F5D /* SceneDelegate.swift in Sources */,
			);
			runOnlyForDeploymentPostprocessing = 0;
		};
/* End PBXSourcesBuildPhase section */

/* Begin PBXVariantGroup section */
		AC7E0E0124BCAA4300603F5D /* Main.storyboard */ = {
			isa = PBXVariantGroup;
			children = (
				AC7E0E0224BCAA4300603F5D /* Base */,
			);
			name = Main.storyboard;
			sourceTree = "<group>";
		};
		AC7E0E0624BCAA4500603F5D /* LaunchScreen.storyboard */ = {
			isa = PBXVariantGroup;
			children = (
				AC7E0E0724BCAA4500603F5D /* Base */,
			);
			name = LaunchScreen.storyboard;
			sourceTree = "<group>";
		};
/* End PBXVariantGroup section */

/* Begin XCBuildConfiguration section */
		AC7E0E0A24BCAA4500603F5D /* Debug */ = {
			isa = XCBuildConfiguration;
			buildSettings = {
				ALWAYS_SEARCH_USER_PATHS = NO;
				CLANG_ANALYZER_NONNULL = YES;
				CLANG_ANALYZER_NUMBER_OBJECT_CONVERSION = YES_AGGRESSIVE;
				CLANG_CXX_LANGUAGE_STANDARD = "gnu++14";
				CLANG_CXX_LIBRARY = "libc++";
				CLANG_ENABLE_MODULES = YES;
				CLANG_ENABLE_OBJC_ARC = YES;
				CLANG_ENABLE_OBJC_WEAK = YES;
				CLANG_WARN_BLOCK_CAPTURE_AUTORELEASING = YES;
				CLANG_WARN_BOOL_CONVERSION = YES;
				CLANG_WARN_COMMA = YES;
				CLANG_WARN_CONSTANT_CONVERSION = YES;
				CLANG_WARN_DEPRECATED_OBJC_IMPLEMENTATIONS = YES;
				CLANG_WARN_DIRECT_OBJC_ISA_USAGE = YES_ERROR;
				CLANG_WARN_DOCUMENTATION_COMMENTS = YES;
				CLANG_WARN_EMPTY_BODY = YES;
				CLANG_WARN_ENUM_CONVERSION = YES;
				CLANG_WARN_INFINITE_RECURSION = YES;
				CLANG_WARN_INT_CONVERSION = YES;
				CLANG_WARN_NON_LITERAL_NULL_CONVERSION = YES;
				CLANG_WARN_OBJC_IMPLICIT_RETAIN_SELF = YES;
				CLANG_WARN_OBJC_LITERAL_CONVERSION = YES;
				CLANG_WARN_OBJC_ROOT_CLASS = YES_ERROR;
				CLANG_WARN_RANGE_LOOP_ANALYSIS = YES;
				CLANG_WARN_STRICT_PROTOTYPES = YES;
				CLANG_WARN_SUSPICIOUS_MOVE = YES;
				CLANG_WARN_UNGUARDED_AVAILABILITY = YES_AGGRESSIVE;
				CLANG_WARN_UNREACHABLE_CODE = YES;
				CLANG_WARN__DUPLICATE_METHOD_MATCH = YES;
				COPY_PHASE_STRIP = NO;
				DEBUG_INFORMATION_FORMAT = dwarf;
				ENABLE_STRICT_OBJC_MSGSEND = YES;
				ENABLE_TESTABILITY = YES;
				GCC_C_LANGUAGE_STANDARD = gnu11;
				GCC_DYNAMIC_NO_PIC = NO;
				GCC_NO_COMMON_BLOCKS = YES;
				GCC_OPTIMIZATION_LEVEL = 0;
				GCC_PREPROCESSOR_DEFINITIONS = (
					"DEBUG=1",
					"$(inherited)",
				);
				GCC_WARN_64_TO_32_BIT_CONVERSION = YES;
				GCC_WARN_ABOUT_RETURN_TYPE = YES_ERROR;
				GCC_WARN_UNDECLARED_SELECTOR = YES;
				GCC_WARN_UNINITIALIZED_AUTOS = YES_AGGRESSIVE;
				GCC_WARN_UNUSED_FUNCTION = YES;
				GCC_WARN_UNUSED_VARIABLE = YES;
				IPHONEOS_DEPLOYMENT_TARGET = 13.2;
				MTL_ENABLE_DEBUG_INFO = INCLUDE_SOURCE;
				MTL_FAST_MATH = YES;
				ONLY_ACTIVE_ARCH = YES;
				SDKROOT = iphoneos;
				SWIFT_ACTIVE_COMPILATION_CONDITIONS = DEBUG;
				SWIFT_OPTIMIZATION_LEVEL = "-Onone";
			};
			name = Debug;
		};
		AC7E0E0B24BCAA4500603F5D /* Release */ = {
			isa = XCBuildConfiguration;
			buildSettings = {
				ALWAYS_SEARCH_USER_PATHS = NO;
				CLANG_ANALYZER_NONNULL = YES;
				CLANG_ANALYZER_NUMBER_OBJECT_CONVERSION = YES_AGGRESSIVE;
				CLANG_CXX_LANGUAGE_STANDARD = "gnu++14";
				CLANG_CXX_LIBRARY = "libc++";
				CLANG_ENABLE_MODULES = YES;
				CLANG_ENABLE_OBJC_ARC = YES;
				CLANG_ENABLE_OBJC_WEAK = YES;
				CLANG_WARN_BLOCK_CAPTURE_AUTORELEASING = YES;
				CLANG_WARN_BOOL_CONVERSION = YES;
				CLANG_WARN_COMMA = YES;
				CLANG_WARN_CONSTANT_CONVERSION = YES;
				CLANG_WARN_DEPRECATED_OBJC_IMPLEMENTATIONS = YES;
				CLANG_WARN_DIRECT_OBJC_ISA_USAGE = YES_ERROR;
				CLANG_WARN_DOCUMENTATION_COMMENTS = YES;
				CLANG_WARN_EMPTY_BODY = YES;
				CLANG_WARN_ENUM_CONVERSION = YES;
				CLANG_WARN_INFINITE_RECURSION = YES;
				CLANG_WARN_INT_CONVERSION = YES;
				CLANG_WARN_NON_LITERAL_NULL_CONVERSION = YES;
				CLANG_WARN_OBJC_IMPLICIT_RETAIN_SELF = YES;
				CLANG_WARN_OBJC_LITERAL_CONVERSION = YES;
				CLANG_WARN_OBJC_ROOT_CLASS = YES_ERROR;
				CLANG_WARN_RANGE_LOOP_ANALYSIS = YES;
				CLANG_WARN_STRICT_PROTOTYPES = YES;
				CLANG_WARN_SUSPICIOUS_MOVE = YES;
				CLANG_WARN_UNGUARDED_AVAILABILITY = YES_AGGRESSIVE;
				CLANG_WARN_UNREACHABLE_CODE = YES;
				CLANG_WARN__DUPLICATE_METHOD_MATCH = YES;
				COPY_PHASE_STRIP = NO;
				DEBUG_INFORMATION_FORMAT = "dwarf-with-dsym";
				ENABLE_NS_ASSERTIONS = NO;
				ENABLE_STRICT_OBJC_MSGSEND = YES;
				GCC_C_LANGUAGE_STANDARD = gnu11;
				GCC_NO_COMMON_BLOCKS = YES;
				GCC_WARN_64_TO_32_BIT_CONVERSION = YES;
				GCC_WARN_ABOUT_RETURN_TYPE = YES_ERROR;
				GCC_WARN_UNDECLARED_SELECTOR = YES;
				GCC_WARN_UNINITIALIZED_AUTOS = YES_AGGRESSIVE;
				GCC_WARN_UNUSED_FUNCTION = YES;
				GCC_WARN_UNUSED_VARIABLE = YES;
				IPHONEOS_DEPLOYMENT_TARGET = 13.2;
				MTL_ENABLE_DEBUG_INFO = NO;
				MTL_FAST_MATH = YES;
				SDKROOT = iphoneos;
				SWIFT_COMPILATION_MODE = wholemodule;
				SWIFT_OPTIMIZATION_LEVEL = "-O";
				VALIDATE_PRODUCT = YES;
			};
			name = Release;
		};
		AC7E0E0D24BCAA4500603F5D /* Debug */ = {
			isa = XCBuildConfiguration;
			buildSettings = {
				ASSETCATALOG_COMPILER_APPICON_NAME = AppIcon;
				CODE_SIGN_STYLE = Automatic;
				DEVELOPMENT_TEAM = J83753GZ93;
				INFOPLIST_FILE = "Pokemon Guessing Game/Info.plist";
				LD_RUNPATH_SEARCH_PATHS = (
					"$(inherited)",
					"@executable_path/Frameworks",
				);
				PRODUCT_BUNDLE_IDENTIFIER = "com.clyrko.Pokemon-Guessing-Game";
				PRODUCT_NAME = "$(TARGET_NAME)";
				SWIFT_VERSION = 5.0;
				TARGETED_DEVICE_FAMILY = "1,2";
			};
			name = Debug;
		};
		AC7E0E0E24BCAA4500603F5D /* Release */ = {
			isa = XCBuildConfiguration;
			buildSettings = {
				ASSETCATALOG_COMPILER_APPICON_NAME = AppIcon;
				CODE_SIGN_STYLE = Automatic;
				DEVELOPMENT_TEAM = J83753GZ93;
				INFOPLIST_FILE = "Pokemon Guessing Game/Info.plist";
				LD_RUNPATH_SEARCH_PATHS = (
					"$(inherited)",
					"@executable_path/Frameworks",
				);
				PRODUCT_BUNDLE_IDENTIFIER = "com.clyrko.Pokemon-Guessing-Game";
				PRODUCT_NAME = "$(TARGET_NAME)";
				SWIFT_VERSION = 5.0;
				TARGETED_DEVICE_FAMILY = "1,2";
			};
			name = Release;
		};
/* End XCBuildConfiguration section */

/* Begin XCConfigurationList section */
		AC7E0DF324BCAA4300603F5D /* Build configuration list for PBXProject "Pokemon Guessing Game" */ = {
			isa = XCConfigurationList;
			buildConfigurations = (
				AC7E0E0A24BCAA4500603F5D /* Debug */,
				AC7E0E0B24BCAA4500603F5D /* Release */,
			);
			defaultConfigurationIsVisible = 0;
			defaultConfigurationName = Release;
		};
		AC7E0E0C24BCAA4500603F5D /* Build configuration list for PBXNativeTarget "Pokemon Guessing Game" */ = {
			isa = XCConfigurationList;
			buildConfigurations = (
				AC7E0E0D24BCAA4500603F5D /* Debug */,
				AC7E0E0E24BCAA4500603F5D /* Release */,
			);
			defaultConfigurationIsVisible = 0;
			defaultConfigurationName = Release;
		};
/* End XCConfigurationList section */
	};
	rootObject = AC7E0DF024BCAA4300603F5D /* Project object */;
}
